
Microsoft Visual Studio Solution File, Format Version 12.00
# Visual Studio Version 16
VisualStudioVersion = 16.0.29613.14
MinimumVisualStudioVersion = 10.0.40219.1
Project("{9A19103F-16F7-4668-BE54-9A1E7A4F7556}") = "Hamnen", "Harbour\Hamnen.csproj", "{DA9EB14E-1498-40A1-8D5E-67F4AB5830D4}"
EndProject
Global
	GlobalSection(SolutionConfigurationPlatforms) = preSolution
		Debug|Any CPU = Debug|Any CPU
		Release|Any CPU = Release|Any CPU
	EndGlobalSection
	GlobalSection(ProjectConfigurationPlatforms) = postSolution
		{DA9EB14E-1498-40A1-8D5E-67F4AB5830D4}.Debug|Any CPU.ActiveCfg = Debug|Any CPU
		{DA9EB14E-1498-40A1-8D5E-67F4AB5830D4}.Debug|Any CPU.Build.0 = Debug|Any CPU
		{DA9EB14E-1498-40A1-8D5E-67F4AB5830D4}.Release|Any CPU.ActiveCfg = Release|Any CPU
		{DA9EB14E-1498-40A1-8D5E-67F4AB5830D4}.Release|Any CPU.Build.0 = Release|Any CPU
	EndGlobalSection
	GlobalSection(SolutionProperties) = preSolution
		HideSolutionNode = FALSE
	EndGlobalSection
	GlobalSection(ExtensibilityGlobals) = postSolution
		SolutionGuid = {BDCFA6D0-DE11-450D-BA6B-45435396430E}
	EndGlobalSection
EndGlobal
